
Microsoft Visual Studio Solution File, Format Version 12.00
# Visual Studio Version 17
VisualStudioVersion = 17.10.35013.160
MinimumVisualStudioVersion = 10.0.40219.1
Project("{FAE04EC0-301F-11D3-BF4B-00C04F79EFBC}") = "WinFormsApp9", "WinFormsApp9\WinFormsApp9.csproj", "{259FD8F4-64FF-4C9D-9FC2-2402145345A8}"
EndProject
Global
	GlobalSection(SolutionConfigurationPlatforms) = preSolution
		Debug|Any CPU = Debug|Any CPU
		Release|Any CPU = Release|Any CPU
	EndGlobalSection
	GlobalSection(ProjectConfigurationPlatforms) = postSolution
		{259FD8F4-64FF-4C9D-9FC2-2402145345A8}.Debug|Any CPU.ActiveCfg = Debug|Any CPU
		{259FD8F4-64FF-4C9D-9FC2-2402145345A8}.Debug|Any CPU.Build.0 = Debug|Any CPU
		{259FD8F4-64FF-4C9D-9FC2-2402145345A8}.Release|Any CPU.ActiveCfg = Release|Any CPU
		{259FD8F4-64FF-4C9D-9FC2-2402145345A8}.Release|Any CPU.Build.0 = Release|Any CPU
	EndGlobalSection
	GlobalSection(SolutionProperties) = preSolution
		HideSolutionNode = FALSE
	EndGlobalSection
	GlobalSection(ExtensibilityGlobals) = postSolution
		SolutionGuid = {877A9302-B807-4C69-9645-F366A4484098}
	EndGlobalSection
EndGlobal
